{
  "requires": true,
  "lockfileVersion": 1,
  "dependencies": {
    "csv": {
      "version": "5.5.0",
      "resolved": "https://registry.npm.taobao.org/csv/download/csv-5.5.0.tgz",
      "integrity": "sha1-jviemsIlWQZK7fPLu5Eu1MKq+aw=",
      "requires": {
        "csv-generate": "^3.4.0",
        "csv-parse": "^4.15.3",
        "csv-stringify": "^5.6.2",
        "stream-transform": "^2.1.0"
      }
    },
    "csv-generate": {
      "version": "3.4.0",
      "resolved": "https://registry.npm.taobao.org/csv-generate/download/csv-generate-3.4.0.tgz",
      "integrity": "sha1-Ng7XPvjscRlRWkfDvVlwrEuYjwA="
    },
    "csv-parse": {
      "version": "4.15.4",
      "resolved": "https://registry.npm.taobao.org/csv-parse/download/csv-parse-4.15.4.tgz?cache=0&sync_timestamp=1618538565588&other_urls=https%3A%2F%2Fregistry.npm.taobao.org%2Fcsv-parse%2Fdownload%2Fcsv-parse-4.15.4.tgz",
      "integrity": "sha1-rR7GKq9xpkKYLfy4HxhIGE1pHbU="
    },
    "csv-stringify": {
      "version": "5.6.2",
      "resolved": "https://registry.npm.taobao.org/csv-stringify/download/csv-stringify-5.6.2.tgz",
      "integrity": "sha1-5lN4PiGJxMeX+7Eqv39JQ8eHyqk="
    },
    "mixme": {
      "version": "0.5.0",
      "resolved": "https://registry.npm.taobao.org/mixme/download/mixme-0.5.0.tgz",
      "integrity": "sha1-en67tRJRcksYBUxjyR9Uh8CwMKs="
    },
    "stream-transform": {
      "version": "2.1.0",
      "resolved": "https://registry.npm.taobao.org/stream-transform/download/stream-transform-2.1.0.tgz",
      "integrity": "sha1-5ozAYsztW47maa6X9L5HPu5dkic=",
      "requires": {
        "mixme": "^0.5.0"
      }
    }
  }
}
